
Microsoft Visual Studio Solution File, Format Version 12.00
# Visual Studio Version 17
VisualStudioVersion = 17.3.32825.248
MinimumVisualStudioVersion = 10.0.40219.1
Project("{FAE04EC0-301F-11D3-BF4B-00C04F79EFBC}") = "US-5A-Net", "US-5A-Net.csproj", "{4E3DD0F7-BB72-40C7-87D6-5FE6871A03CB}"
EndProject
Project("{FAE04EC0-301F-11D3-BF4B-00C04F79EFBC}") = "bibl", "bibl\bibl.csproj", "{5CEFD6E3-52BC-4198-9D6A-EF8C54BB123F}"
EndProject
Project("{FAE04EC0-301F-11D3-BF4B-00C04F79EFBC}") = "testzhest", "testzhest\testzhest.csproj", "{D7A39B43-D624-4AAA-8D7A-B778605F9CB0}"
EndProject
Global
	GlobalSection(SolutionConfigurationPlatforms) = preSolution
		Debug|Any CPU = Debug|Any CPU
		Release|Any CPU = Release|Any CPU
	EndGlobalSection
	GlobalSection(ProjectConfigurationPlatforms) = postSolution
		{4E3DD0F7-BB72-40C7-87D6-5FE6871A03CB}.Debug|Any CPU.ActiveCfg = Debug|Any CPU
		{4E3DD0F7-BB72-40C7-87D6-5FE6871A03CB}.Debug|Any CPU.Build.0 = Debug|Any CPU
		{4E3DD0F7-BB72-40C7-87D6-5FE6871A03CB}.Release|Any CPU.ActiveCfg = Release|Any CPU
		{4E3DD0F7-BB72-40C7-87D6-5FE6871A03CB}.Release|Any CPU.Build.0 = Release|Any CPU
		{5CEFD6E3-52BC-4198-9D6A-EF8C54BB123F}.Debug|Any CPU.ActiveCfg = Debug|Any CPU
		{5CEFD6E3-52BC-4198-9D6A-EF8C54BB123F}.Debug|Any CPU.Build.0 = Debug|Any CPU
		{5CEFD6E3-52BC-4198-9D6A-EF8C54BB123F}.Release|Any CPU.ActiveCfg = Release|Any CPU
		{5CEFD6E3-52BC-4198-9D6A-EF8C54BB123F}.Release|Any CPU.Build.0 = Release|Any CPU
		{D7A39B43-D624-4AAA-8D7A-B778605F9CB0}.Debug|Any CPU.ActiveCfg = Debug|Any CPU
		{D7A39B43-D624-4AAA-8D7A-B778605F9CB0}.Debug|Any CPU.Build.0 = Debug|Any CPU
		{D7A39B43-D624-4AAA-8D7A-B778605F9CB0}.Release|Any CPU.ActiveCfg = Release|Any CPU
		{D7A39B43-D624-4AAA-8D7A-B778605F9CB0}.Release|Any CPU.Build.0 = Release|Any CPU
	EndGlobalSection
	GlobalSection(SolutionProperties) = preSolution
		HideSolutionNode = FALSE
	EndGlobalSection
	GlobalSection(ExtensibilityGlobals) = postSolution
		SolutionGuid = {B32C04DE-5546-45E7-851B-A7F4B5301E66}
	EndGlobalSection
EndGlobal
